// !$*UTF8*$!
{
	archiveVersion = 1;
	classes = {
	};
	objectVersion = 46;
	objects = {

/* Begin PBXBuildFile section */
		3F1B8A3C1C19AEB700B1C586 /* main.m in Sources */ = {isa = PBXBuildFile; fileRef = 3F1B8A3B1C19AEB700B1C586 /* main.m */; };
		3F1B8A3F1C19AEB700B1C586 /* FL_ButtonAppDelegate.m in Sources */ = {isa = PBXBuildFile; fileRef = 3F1B8A3E1C19AEB700B1C586 /* FL_ButtonAppDelegate.m */; };
		3F1B8A421C19AEB700B1C586 /* FL_ButtonViewController.m in Sources */ = {isa = PBXBuildFile; fileRef = 3F1B8A411C19AEB700B1C586 /* FL_ButtonViewController.m */; };
		3F1B8A471C19AEB700B1C586 /* Assets.xcassets in Resources */ = {isa = PBXBuildFile; fileRef = 3F1B8A461C19AEB700B1C586 /* Assets.xcassets */; };
		3F1B8A541C19B27600B1C586 /* FL_Button.m in Sources */ = {isa = PBXBuildFile; fileRef = 3F1B8A531C19B27600B1C586 /* FL_Button.m */; settings = {ASSET_TAGS = (); }; };
/* End PBXBuildFile section */

/* Begin PBXFileReference section */
		3F1B8A371C19AEB700B1C586 /* UIButtonDemo.app */ = {isa = PBXFileReference; explicitFileType = wrapper.application; includeInIndex = 0; path = UIButtonDemo.app; sourceTree = BUILT_PRODUCTS_DIR; };
		3F1B8A3B1C19AEB700B1C586 /* main.m */ = {isa = PBXFileReference; lastKnownFileType = sourcecode.c.objc; path = main.m; sourceTree = "<group>"; };
		3F1B8A3D1C19AEB700B1C586 /* FL_ButtonAppDelegate.h */ = {isa = PBXFileReference; lastKnownFileType = sourcecode.c.h; path = FL_ButtonAppDelegate.h; sourceTree = "<group>"; };
		3F1B8A3E1C19AEB700B1C586 /* FL_ButtonAppDelegate.m */ = {isa = PBXFileReference; lastKnownFileType = sourcecode.c.objc; path = FL_ButtonAppDelegate.m; sourceTree = "<group>"; };
		3F1B8A401C19AEB700B1C586 /* FL_ButtonViewController.h */ = {isa = PBXFileReference; lastKnownFileType = sourcecode.c.h; path = FL_ButtonViewController.h; sourceTree = "<group>"; };
		3F1B8A411C19AEB700B1C586 /* FL_ButtonViewController.m */ = {isa = PBXFileReference; lastKnownFileType = sourcecode.c.objc; path = FL_ButtonViewController.m; sourceTree = "<group>"; };
		3F1B8A461C19AEB700B1C586 /* Assets.xcassets */ = {isa = PBXFileReference; lastKnownFileType = folder.assetcatalog; path = Assets.xcassets; sourceTree = "<group>"; };
		3F1B8A4B1C19AEB700B1C586 /* Info.plist */ = {isa = PBXFileReference; lastKnownFileType = text.plist.xml; path = Info.plist; sourceTree = "<group>"; };
		3F1B8A521C19B27600B1C586 /* FL_Button.h */ = {isa = PBXFileReference; fileEncoding = 4; lastKnownFileType = sourcecode.c.h; path = FL_Button.h; sourceTree = "<group>"; };
		3F1B8A531C19B27600B1C586 /* FL_Button.m */ = {isa = PBXFileReference; fileEncoding = 4; lastKnownFileType = sourcecode.c.objc; path = FL_Button.m; sourceTree = "<group>"; };
/* End PBXFileReference section */

/* Begin PBXFrameworksBuildPhase section */
		3F1B8A341C19AEB700B1C586 /* Frameworks */ = {
			isa = PBXFrameworksBuildPhase;
			buildActionMask = 2147483647;
			files = (
			);
			runOnlyForDeploymentPostprocessing = 0;
		};
/* End PBXFrameworksBuildPhase section */

/* Begin PBXGroup section */
		3F0F77A21C1A5632003A68E5 /* FL_ButtonDemo */ = {
			isa = PBXGroup;
			children = (
				3F1B8A3D1C19AEB700B1C586 /* FL_ButtonAppDelegate.h */,
				3F1B8A3E1C19AEB700B1C586 /* FL_ButtonAppDelegate.m */,
				3F1B8A401C19AEB700B1C586 /* FL_ButtonViewController.h */,
				3F1B8A411C19AEB700B1C586 /* FL_ButtonViewController.m */,
			);
			name = FL_ButtonDemo;
			sourceTree = "<group>";
		};
		3F1B8A2E1C19AEB700B1C586 = {
			isa = PBXGroup;
			children = (
				3F1B8A391C19AEB700B1C586 /* UIButtonDemo */,
				3F1B8A381C19AEB700B1C586 /* Products */,
			);
			sourceTree = "<group>";
		};
		3F1B8A381C19AEB700B1C586 /* Products */ = {
			isa = PBXGroup;
			children = (
				3F1B8A371C19AEB700B1C586 /* UIButtonDemo.app */,
			);
			name = Products;
			sourceTree = "<group>";
		};
		3F1B8A391C19AEB700B1C586 /* UIButtonDemo */ = {
			isa = PBXGroup;
			children = (
				3F1B8A511C19B26000B1C586 /* FL_Button */,
				3F0F77A21C1A5632003A68E5 /* FL_ButtonDemo */,
				3F1B8A3A1C19AEB700B1C586 /* Supporting Files */,
			);
			path = UIButtonDemo;
			sourceTree = "<group>";
		};
		3F1B8A3A1C19AEB700B1C586 /* Supporting Files */ = {
			isa = PBXGroup;
			children = (
				3F1B8A461C19AEB700B1C586 /* Assets.xcassets */,
				3F1B8A4B1C19AEB700B1C586 /* Info.plist */,
				3F1B8A3B1C19AEB700B1C586 /* main.m */,
			);
			name = "Supporting Files";
			sourceTree = "<group>";
		};
		3F1B8A511C19B26000B1C586 /* FL_Button */ = {
			isa = PBXGroup;
			children = (
				3F1B8A521C19B27600B1C586 /* FL_Button.h */,
				3F1B8A531C19B27600B1C586 /* FL_Button.m */,
			);
			name = FL_Button;
			sourceTree = "<group>";
		};
/* End PBXGroup section */

/* Begin PBXNativeTarget section */
		3F1B8A361C19AEB700B1C586 /* UIButtonDemo */ = {
			isa = PBXNativeTarget;
			buildConfigurationList = 3F1B8A4E1C19AEB700B1C586 /* Build configuration list for PBXNativeTarget "UIButtonDemo" */;
			buildPhases = (
				3F1B8A331C19AEB700B1C586 /* Sources */,
				3F1B8A341C19AEB700B1C586 /* Frameworks */,
				3F1B8A351C19AEB700B1C586 /* Resources */,
			);
			buildRules = (
			);
			dependencies = (
			);
			name = UIButtonDemo;
			productName = UIButtonDemo;
			productReference = 3F1B8A371C19AEB700B1C586 /* UIButtonDemo.app */;
			productType = "com.apple.product-type.application";
		};
/* End PBXNativeTarget section */

/* Begin PBXProject section */
		3F1B8A2F1C19AEB700B1C586 /* Project object */ = {
			isa = PBXProject;
			attributes = {
				LastUpgradeCheck = 0700;
				ORGANIZATIONNAME = czebd;
				TargetAttributes = {
					3F1B8A361C19AEB700B1C586 = {
						CreatedOnToolsVersion = 7.0;
					};
				};
			};
			buildConfigurationList = 3F1B8A321C19AEB700B1C586 /* Build configuration list for PBXProject "UIButtonDemo" */;
			compatibilityVersion = "Xcode 3.2";
			developmentRegion = English;
			hasScannedForEncodings = 0;
			knownRegions = (
				en,
				Base,
			);
			mainGroup = 3F1B8A2E1C19AEB700B1C586;
			productRefGroup = 3F1B8A381C19AEB700B1C586 /* Products */;
			projectDirPath = "";
			projectRoot = "";
			targets = (
				3F1B8A361C19AEB700B1C586 /* UIButtonDemo */,
			);
		};
/* End PBXProject section */

/* Begin PBXResourcesBuildPhase section */
		3F1B8A351C19AEB700B1C586 /* Resources */ = {
			isa = PBXResourcesBuildPhase;
			buildActionMask = 2147483647;
			files = (
				3F1B8A471C19AEB700B1C586 /* Assets.xcassets in Resources */,
			);
			runOnlyForDeploymentPostprocessing = 0;
		};
/* End PBXResourcesBuildPhase section */

/* Begin PBXSourcesBuildPhase section */
		3F1B8A331C19AEB700B1C586 /* Sources */ = {
			isa = PBXSourcesBuildPhase;
			buildActionMask = 2147483647;
			files = (
				3F1B8A421C19AEB700B1C586 /* FL_ButtonViewController.m in Sources */,
				3F1B8A3F1C19AEB700B1C586 /* FL_ButtonAppDelegate.m in Sources */,
				3F1B8A3C1C19AEB700B1C586 /* main.m in Sources */,
				3F1B8A541C19B27600B1C586 /* FL_Button.m in Sources */,
			);
			runOnlyForDeploymentPostprocessing = 0;
		};
/* End PBXSourcesBuildPhase section */

/* Begin XCBuildConfiguration section */
		3F1B8A4C1C19AEB700B1C586 /* Debug */ = {
			isa = XCBuildConfiguration;
			buildSettings = {
				ALWAYS_SEARCH_USER_PATHS = NO;
				CLANG_CXX_LANGUAGE_STANDARD = "gnu++0x";
				CLANG_CXX_LIBRARY = "libc++";
				CLANG_ENABLE_MODULES = YES;
				CLANG_ENABLE_OBJC_ARC = YES;
				CLANG_WARN_BOOL_CONVERSION = YES;
				CLANG_WARN_CONSTANT_CONVERSION = YES;
				CLANG_WARN_DIRECT_OBJC_ISA_USAGE = YES_ERROR;
				CLANG_WARN_EMPTY_BODY = YES;
				CLANG_WARN_ENUM_CONVERSION = YES;
				CLANG_WARN_INT_CONVERSION = YES;
				CLANG_WARN_OBJC_ROOT_CLASS = YES_ERROR;
				CLANG_WARN_UNREACHABLE_CODE = YES;
				CLANG_WARN__DUPLICATE_METHOD_MATCH = YES;
				"CODE_SIGN_IDENTITY[sdk=iphoneos*]" = "iPhone Developer";
				COPY_PHASE_STRIP = NO;
				DEBUG_INFORMATION_FORMAT = dwarf;
				ENABLE_STRICT_OBJC_MSGSEND = YES;
				ENABLE_TESTABILITY = YES;
				GCC_C_LANGUAGE_STANDARD = gnu99;
				GCC_DYNAMIC_NO_PIC = NO;
				GCC_NO_COMMON_BLOCKS = YES;
				GCC_OPTIMIZATION_LEVEL = 0;
				GCC_PREPROCESSOR_DEFINITIONS = (
					"DEBUG=1",
					"$(inherited)",
				);
				GCC_WARN_64_TO_32_BIT_CONVERSION = YES;
				GCC_WARN_ABOUT_RETURN_TYPE = YES_ERROR;
				GCC_WARN_UNDECLARED_SELECTOR = YES;
				GCC_WARN_UNINITIALIZED_AUTOS = YES_AGGRESSIVE;
				GCC_WARN_UNUSED_FUNCTION = YES;
				GCC_WARN_UNUSED_VARIABLE = YES;
				IPHONEOS_DEPLOYMENT_TARGET = 9.0;
				MTL_ENABLE_DEBUG_INFO = YES;
				ONLY_ACTIVE_ARCH = YES;
				SDKROOT = iphoneos;
			};
			name = Debug;
		};
		3F1B8A4D1C19AEB700B1C586 /* Release */ = {
			isa = XCBuildConfiguration;
			buildSettings = {
				ALWAYS_SEARCH_USER_PATHS = NO;
				CLANG_CXX_LANGUAGE_STANDARD = "gnu++0x";
				CLANG_CXX_LIBRARY = "libc++";
				CLANG_ENABLE_MODULES = YES;
				CLANG_ENABLE_OBJC_ARC = YES;
				CLANG_WARN_BOOL_CONVERSION = YES;
				CLANG_WARN_CONSTANT_CONVERSION = YES;
				CLANG_WARN_DIRECT_OBJC_ISA_USAGE = YES_ERROR;
				CLANG_WARN_EMPTY_BODY = YES;
				CLANG_WARN_ENUM_CONVERSION = YES;
				CLANG_WARN_INT_CONVERSION = YES;
				CLANG_WARN_OBJC_ROOT_CLASS = YES_ERROR;
				CLANG_WARN_UNREACHABLE_CODE = YES;
				CLANG_WARN__DUPLICATE_METHOD_MATCH = YES;
				"CODE_SIGN_IDENTITY[sdk=iphoneos*]" = "iPhone Developer";
				COPY_PHASE_STRIP = NO;
				DEBUG_INFORMATION_FORMAT = "dwarf-with-dsym";
				ENABLE_NS_ASSERTIONS = NO;
				ENABLE_STRICT_OBJC_MSGSEND = YES;
				GCC_C_LANGUAGE_STANDARD = gnu99;
				GCC_NO_COMMON_BLOCKS = YES;
				GCC_WARN_64_TO_32_BIT_CONVERSION = YES;
				GCC_WARN_ABOUT_RETURN_TYPE = YES_ERROR;
				GCC_WARN_UNDECLARED_SELECTOR = YES;
				GCC_WARN_UNINITIALIZED_AUTOS = YES_AGGRESSIVE;
				GCC_WARN_UNUSED_FUNCTION = YES;
				GCC_WARN_UNUSED_VARIABLE = YES;
				IPHONEOS_DEPLOYMENT_TARGET = 9.0;
				MTL_ENABLE_DEBUG_INFO = NO;
				SDKROOT = iphoneos;
				VALIDATE_PRODUCT = YES;
			};
			name = Release;
		};
		3F1B8A4F1C19AEB700B1C586 /* Debug */ = {
			isa = XCBuildConfiguration;
			buildSettings = {
				ASSETCATALOG_COMPILER_APPICON_NAME = AppIcon;
				INFOPLIST_FILE = UIButtonDemo/Info.plist;
				LD_RUNPATH_SEARCH_PATHS = "$(inherited) @executable_path/Frameworks";
				PRODUCT_BUNDLE_IDENTIFIER = com.czebd.UIButtonDemo;
				PRODUCT_NAME = "$(TARGET_NAME)";
			};
			name = Debug;
		};
		3F1B8A501C19AEB700B1C586 /* Release */ = {
			isa = XCBuildConfiguration;
			buildSettings = {
				ASSETCATALOG_COMPILER_APPICON_NAME = AppIcon;
				INFOPLIST_FILE = UIButtonDemo/Info.plist;
				LD_RUNPATH_SEARCH_PATHS = "$(inherited) @executable_path/Frameworks";
				PRODUCT_BUNDLE_IDENTIFIER = com.czebd.UIButtonDemo;
				PRODUCT_NAME = "$(TARGET_NAME)";
			};
			name = Release;
		};
/* End XCBuildConfiguration section */

/* Begin XCConfigurationList section */
		3F1B8A321C19AEB700B1C586 /* Build configuration list for PBXProject "UIButtonDemo" */ = {
			isa = XCConfigurationList;
			buildConfigurations = (
				3F1B8A4C1C19AEB700B1C586 /* Debug */,
				3F1B8A4D1C19AEB700B1C586 /* Release */,
			);
			defaultConfigurationIsVisible = 0;
			defaultConfigurationName = Release;
		};
		3F1B8A4E1C19AEB700B1C586 /* Build configuration list for PBXNativeTarget "UIButtonDemo" */ = {
			isa = XCConfigurationList;
			buildConfigurations = (
				3F1B8A4F1C19AEB700B1C586 /* Debug */,
				3F1B8A501C19AEB700B1C586 /* Release */,
			);
			defaultConfigurationIsVisible = 0;
			defaultConfigurationName = Release;
		};
/* End XCConfigurationList section */
	};
	rootObject = 3F1B8A2F1C19AEB700B1C586 /* Project object */;
}
